
Microsoft Visual Studio Solution File, Format Version 12.00
# Visual Studio Version 16
VisualStudioVersion = 16.0.30523.141
MinimumVisualStudioVersion = 10.0.40219.1
Project("{FAE04EC0-301F-11D3-BF4B-00C04F79EFBC}") = "AdventureWorksTask", "AdventureWorksTask.csproj", "{E977B809-D68B-47FD-823D-D1D17A0B387A}"
EndProject
Global
	GlobalSection(SolutionConfigurationPlatforms) = preSolution
		Debug|Any CPU = Debug|Any CPU
		Release|Any CPU = Release|Any CPU
	EndGlobalSection
	GlobalSection(ProjectConfigurationPlatforms) = postSolution
		{E977B809-D68B-47FD-823D-D1D17A0B387A}.Debug|Any CPU.ActiveCfg = Debug|Any CPU
		{E977B809-D68B-47FD-823D-D1D17A0B387A}.Debug|Any CPU.Build.0 = Debug|Any CPU
		{E977B809-D68B-47FD-823D-D1D17A0B387A}.Release|Any CPU.ActiveCfg = Release|Any CPU
		{E977B809-D68B-47FD-823D-D1D17A0B387A}.Release|Any CPU.Build.0 = Release|Any CPU
	EndGlobalSection
	GlobalSection(SolutionProperties) = preSolution
		HideSolutionNode = FALSE
	EndGlobalSection
	GlobalSection(ExtensibilityGlobals) = postSolution
		SolutionGuid = {ACB8C94A-D011-49BC-9C18-4472B0C66709}
	EndGlobalSection
EndGlobal
